
Microsoft Visual Studio Solution File, Format Version 12.00
# Visual Studio Version 16
VisualStudioVersion = 16.0.29613.14
MinimumVisualStudioVersion = 10.0.40219.1
Project("{FAE04EC0-301F-11D3-BF4B-00C04F79EFBC}") = "NavigationalComponents", "NavigationalComponents\NavigationalComponents.csproj", "{B0C140DB-0216-49A4-8A42-1BF35EBC8B62}"
EndProject
Global
	GlobalSection(SolutionConfigurationPlatforms) = preSolution
		Debug|Any CPU = Debug|Any CPU
		Release|Any CPU = Release|Any CPU
	EndGlobalSection
	GlobalSection(ProjectConfigurationPlatforms) = postSolution
		{B0C140DB-0216-49A4-8A42-1BF35EBC8B62}.Debug|Any CPU.ActiveCfg = Debug|Any CPU
		{B0C140DB-0216-49A4-8A42-1BF35EBC8B62}.Debug|Any CPU.Build.0 = Debug|Any CPU
		{B0C140DB-0216-49A4-8A42-1BF35EBC8B62}.Release|Any CPU.ActiveCfg = Release|Any CPU
		{B0C140DB-0216-49A4-8A42-1BF35EBC8B62}.Release|Any CPU.Build.0 = Release|Any CPU
	EndGlobalSection
	GlobalSection(SolutionProperties) = preSolution
		HideSolutionNode = FALSE
	EndGlobalSection
	GlobalSection(ExtensibilityGlobals) = postSolution
		SolutionGuid = {662DF080-EE6C-4EAC-A9DE-10781CAF44AB}
	EndGlobalSection
EndGlobal
